[{<<"cowboy">>,
  {git,"https://github.com/ninenines/cowboy",
       {ref,"3eec447960eb03cde48f0f04cd72fd4d1e548ca0"}},
  0},
 {<<"cowlib">>,
  {git,"https://github.com/ninenines/cowlib",
       {ref,"1b5539a1da1d39b110d81b118000f00bbedaf4b4"}},
  1},
 {<<"jiffy">>,
  {git,"https://github.com/davisp/jiffy.git",
       {ref,"6dadc0cd22b06e2b1972ee8aba5708c478418926"}},
  0},
 {<<"kind">>,
  {git,"https://github.com/arnfred/kind",
       {ref,"4d218cd7f86e17c87051b5760e488874121d23c1"}},
  0},
 {<<"ranch">>,
  {git,"https://github.com/ninenines/ranch",
       {ref,"3190aef88aea04d6dce8545fe9b4574288903f44"}},
  1}].
